// !$*UTF8*$!
{
	archiveVersion = 1;
	classes = {
	};
	objectVersion = 46;
	objects = {

/* Begin PBXBuildFile section */
		A66E30721D0D0B90007A64F6 /* AppDelegate.swift in Sources */ = {isa = PBXBuildFile; fileRef = A66E30711D0D0B90007A64F6 /* AppDelegate.swift */; };
		A66E30741D0D0B90007A64F6 /* ViewController.swift in Sources */ = {isa = PBXBuildFile; fileRef = A66E30731D0D0B90007A64F6 /* ViewController.swift */; };
		A66E30771D0D0B90007A64F6 /* Main.storyboard in Resources */ = {isa = PBXBuildFile; fileRef = A66E30751D0D0B90007A64F6 /* Main.storyboard */; };
		A66E30791D0D0B90007A64F6 /* Assets.xcassets in Resources */ = {isa = PBXBuildFile; fileRef = A66E30781D0D0B90007A64F6 /* Assets.xcassets */; };
		A66E307C1D0D0B90007A64F6 /* LaunchScreen.storyboard in Resources */ = {isa = PBXBuildFile; fileRef = A66E307A1D0D0B90007A64F6 /* LaunchScreen.storyboard */; };
		A66E30871D0D0B90007A64F6 /* NaatPlayerTests.swift in Sources */ = {isa = PBXBuildFile; fileRef = A66E30861D0D0B90007A64F6 /* NaatPlayerTests.swift */; };
		A66E30921D0D0B90007A64F6 /* NaatPlayerUITests.swift in Sources */ = {isa = PBXBuildFile; fileRef = A66E30911D0D0B90007A64F6 /* NaatPlayerUITests.swift */; };
/* End PBXBuildFile section */

/* Begin PBXContainerItemProxy section */
		A66E30831D0D0B90007A64F6 /* PBXContainerItemProxy */ = {
			isa = PBXContainerItemProxy;
			containerPortal = A66E30661D0D0B90007A64F6 /* Project object */;
			proxyType = 1;
			remoteGlobalIDString = A66E306D1D0D0B90007A64F6;
			remoteInfo = NaatPlayer;
		};
		A66E308E1D0D0B90007A64F6 /* PBXContainerItemProxy */ = {
			isa = PBXContainerItemProxy;
			containerPortal = A66E30661D0D0B90007A64F6 /* Project object */;
			proxyType = 1;
			remoteGlobalIDString = A66E306D1D0D0B90007A64F6;
			remoteInfo = NaatPlayer;
		};
/* End PBXContainerItemProxy section */

/* Begin PBXFileReference section */
		A66E306E1D0D0B90007A64F6 /* NaatPlayer.app */ = {isa = PBXFileReference; explicitFileType = wrapper.application; includeInIndex = 0; path = NaatPlayer.app; sourceTree = BUILT_PRODUCTS_DIR; };
		A66E30711D0D0B90007A64F6 /* AppDelegate.swift */ = {isa = PBXFileReference; lastKnownFileType = sourcecode.swift; path = AppDelegate.swift; sourceTree = "<group>"; };
		A66E30731D0D0B90007A64F6 /* ViewController.swift */ = {isa = PBXFileReference; lastKnownFileType = sourcecode.swift; path = ViewController.swift; sourceTree = "<group>"; };
		A66E30761D0D0B90007A64F6 /* Base */ = {isa = PBXFileReference; lastKnownFileType = file.storyboard; name = Base; path = Base.lproj/Main.storyboard; sourceTree = "<group>"; };
		A66E30781D0D0B90007A64F6 /* Assets.xcassets */ = {isa = PBXFileReference; lastKnownFileType = folder.assetcatalog; path = Assets.xcassets; sourceTree = "<group>"; };
		A66E307B1D0D0B90007A64F6 /* Base */ = {isa = PBXFileReference; lastKnownFileType = file.storyboard; name = Base; path = Base.lproj/LaunchScreen.storyboard; sourceTree = "<group>"; };
		A66E307D1D0D0B90007A64F6 /* Info.plist */ = {isa = PBXFileReference; lastKnownFileType = text.plist.xml; path = Info.plist; sourceTree = "<group>"; };
		A66E30821D0D0B90007A64F6 /* NaatPlayerTests.xctest */ = {isa = PBXFileReference; explicitFileType = wrapper.cfbundle; includeInIndex = 0; path = NaatPlayerTests.xctest; sourceTree = BUILT_PRODUCTS_DIR; };
		A66E30861D0D0B90007A64F6 /* NaatPlayerTests.swift */ = {isa = PBXFileReference; lastKnownFileType = sourcecode.swift; path = NaatPlayerTests.swift; sourceTree = "<group>"; };
		A66E30881D0D0B90007A64F6 /* Info.plist */ = {isa = PBXFileReference; lastKnownFileType = text.plist.xml; path = Info.plist; sourceTree = "<group>"; };
		A66E308D1D0D0B90007A64F6 /* NaatPlayerUITests.xctest */ = {isa = PBXFileReference; explicitFileType = wrapper.cfbundle; includeInIndex = 0; path = NaatPlayerUITests.xctest; sourceTree = BUILT_PRODUCTS_DIR; };
		A66E30911D0D0B90007A64F6 /* NaatPlayerUITests.swift */ = {isa = PBXFileReference; lastKnownFileType = sourcecode.swift; path = NaatPlayerUITests.swift; sourceTree = "<group>"; };
		A66E30931D0D0B90007A64F6 /* Info.plist */ = {isa = PBXFileReference; lastKnownFileType = text.plist.xml; path = Info.plist; sourceTree = "<group>"; };
/* End PBXFileReference section */

/* Begin PBXFrameworksBuildPhase section */
		A66E306B1D0D0B90007A64F6 /* Frameworks */ = {
			isa = PBXFrameworksBuildPhase;
			buildActionMask = 2147483647;
			files = (
			);
			runOnlyForDeploymentPostprocessing = 0;
		};
		A66E307F1D0D0B90007A64F6 /* Frameworks */ = {
			isa = PBXFrameworksBuildPhase;
			buildActionMask = 2147483647;
			files = (
			);
			runOnlyForDeploymentPostprocessing = 0;
		};
		A66E308A1D0D0B90007A64F6 /* Frameworks */ = {
			isa = PBXFrameworksBuildPhase;
			buildActionMask = 2147483647;
			files = (
			);
			runOnlyForDeploymentPostprocessing = 0;
		};
/* End PBXFrameworksBuildPhase section */

/* Begin PBXGroup section */
		A66E30651D0D0B90007A64F6 = {
			isa = PBXGroup;
			children = (
				A66E30701D0D0B90007A64F6 /* NaatPlayer */,
				A66E30851D0D0B90007A64F6 /* NaatPlayerTests */,
				A66E30901D0D0B90007A64F6 /* NaatPlayerUITests */,
				A66E306F1D0D0B90007A64F6 /* Products */,
			);
			sourceTree = "<group>";
		};
		A66E306F1D0D0B90007A64F6 /* Products */ = {
			isa = PBXGroup;
			children = (
				A66E306E1D0D0B90007A64F6 /* NaatPlayer.app */,
				A66E30821D0D0B90007A64F6 /* NaatPlayerTests.xctest */,
				A66E308D1D0D0B90007A64F6 /* NaatPlayerUITests.xctest */,
			);
			name = Products;
			sourceTree = "<group>";
		};
		A66E30701D0D0B90007A64F6 /* NaatPlayer */ = {
			isa = PBXGroup;
			children = (
				A66E30DC1D0D2289007A64F6 /* Supporting Files */,
				A66E30DB1D0D227A007A64F6 /* Controller */,
				A66E30DA1D0D226C007A64F6 /* View */,
				A66E30D91D0D2261007A64F6 /* Model */,
			);
			path = NaatPlayer;
			sourceTree = "<group>";
		};
		A66E30851D0D0B90007A64F6 /* NaatPlayerTests */ = {
			isa = PBXGroup;
			children = (
				A66E30861D0D0B90007A64F6 /* NaatPlayerTests.swift */,
				A66E30881D0D0B90007A64F6 /* Info.plist */,
			);
			path = NaatPlayerTests;
			sourceTree = "<group>";
		};
		A66E30901D0D0B90007A64F6 /* NaatPlayerUITests */ = {
			isa = PBXGroup;
			children = (
				A66E30911D0D0B90007A64F6 /* NaatPlayerUITests.swift */,
				A66E30931D0D0B90007A64F6 /* Info.plist */,
			);
			path = NaatPlayerUITests;
			sourceTree = "<group>";
		};
		A66E30D91D0D2261007A64F6 /* Model */ = {
			isa = PBXGroup;
			children = (
			);
			name = Model;
			sourceTree = "<group>";
		};
		A66E30DA1D0D226C007A64F6 /* View */ = {
			isa = PBXGroup;
			children = (
				A66E307A1D0D0B90007A64F6 /* LaunchScreen.storyboard */,
				A66E30751D0D0B90007A64F6 /* Main.storyboard */,
			);
			name = View;
			sourceTree = "<group>";
		};
		A66E30DB1D0D227A007A64F6 /* Controller */ = {
			isa = PBXGroup;
			children = (
				A66E30731D0D0B90007A64F6 /* ViewController.swift */,
			);
			name = Controller;
			sourceTree = "<group>";
		};
		A66E30DC1D0D2289007A64F6 /* Supporting Files */ = {
			isa = PBXGroup;
			children = (
				A66E30781D0D0B90007A64F6 /* Assets.xcassets */,
				A66E307D1D0D0B90007A64F6 /* Info.plist */,
				A66E30711D0D0B90007A64F6 /* AppDelegate.swift */,
			);
			name = "Supporting Files";
			sourceTree = "<group>";
		};
/* End PBXGroup section */

/* Begin PBXNativeTarget section */
		A66E306D1D0D0B90007A64F6 /* NaatPlayer */ = {
			isa = PBXNativeTarget;
			buildConfigurationList = A66E30961D0D0B90007A64F6 /* Build configuration list for PBXNativeTarget "NaatPlayer" */;
			buildPhases = (
				A66E306A1D0D0B90007A64F6 /* Sources */,
				A66E306B1D0D0B90007A64F6 /* Frameworks */,
				A66E306C1D0D0B90007A64F6 /* Resources */,
			);
			buildRules = (
			);
			dependencies = (
			);
			name = NaatPlayer;
			productName = NaatPlayer;
			productReference = A66E306E1D0D0B90007A64F6 /* NaatPlayer.app */;
			productType = "com.apple.product-type.application";
		};
		A66E30811D0D0B90007A64F6 /* NaatPlayerTests */ = {
			isa = PBXNativeTarget;
			buildConfigurationList = A66E30991D0D0B90007A64F6 /* Build configuration list for PBXNativeTarget "NaatPlayerTests" */;
			buildPhases = (
				A66E307E1D0D0B90007A64F6 /* Sources */,
				A66E307F1D0D0B90007A64F6 /* Frameworks */,
				A66E30801D0D0B90007A64F6 /* Resources */,
			);
			buildRules = (
			);
			dependencies = (
				A66E30841D0D0B90007A64F6 /* PBXTargetDependency */,
			);
			name = NaatPlayerTests;
			productName = NaatPlayerTests;
			productReference = A66E30821D0D0B90007A64F6 /* NaatPlayerTests.xctest */;
			productType = "com.apple.product-type.bundle.unit-test";
		};
		A66E308C1D0D0B90007A64F6 /* NaatPlayerUITests */ = {
			isa = PBXNativeTarget;
			buildConfigurationList = A66E309C1D0D0B90007A64F6 /* Build configuration list for PBXNativeTarget "NaatPlayerUITests" */;
			buildPhases = (
				A66E30891D0D0B90007A64F6 /* Sources */,
				A66E308A1D0D0B90007A64F6 /* Frameworks */,
				A66E308B1D0D0B90007A64F6 /* Resources */,
			);
			buildRules = (
			);
			dependencies = (
				A66E308F1D0D0B90007A64F6 /* PBXTargetDependency */,
			);
			name = NaatPlayerUITests;
			productName = NaatPlayerUITests;
			productReference = A66E308D1D0D0B90007A64F6 /* NaatPlayerUITests.xctest */;
			productType = "com.apple.product-type.bundle.ui-testing";
		};
/* End PBXNativeTarget section */

/* Begin PBXProject section */
		A66E30661D0D0B90007A64F6 /* Project object */ = {
			isa = PBXProject;
			attributes = {
				LastUpgradeCheck = 0700;
				ORGANIZATIONNAME = "Amimul Ehasan Shakib";
				TargetAttributes = {
					A66E306D1D0D0B90007A64F6 = {
						CreatedOnToolsVersion = 7.0.1;
					};
					A66E30811D0D0B90007A64F6 = {
						CreatedOnToolsVersion = 7.0.1;
						TestTargetID = A66E306D1D0D0B90007A64F6;
					};
					A66E308C1D0D0B90007A64F6 = {
						CreatedOnToolsVersion = 7.0.1;
						TestTargetID = A66E306D1D0D0B90007A64F6;
					};
				};
			};
			buildConfigurationList = A66E30691D0D0B90007A64F6 /* Build configuration list for PBXProject "NaatPlayer" */;
			compatibilityVersion = "Xcode 3.2";
			developmentRegion = English;
			hasScannedForEncodings = 0;
			knownRegions = (
				en,
				Base,
			);
			mainGroup = A66E30651D0D0B90007A64F6;
			productRefGroup = A66E306F1D0D0B90007A64F6 /* Products */;
			projectDirPath = "";
			projectRoot = "";
			targets = (
				A66E306D1D0D0B90007A64F6 /* NaatPlayer */,
				A66E30811D0D0B90007A64F6 /* NaatPlayerTests */,
				A66E308C1D0D0B90007A64F6 /* NaatPlayerUITests */,
			);
		};
/* End PBXProject section */

/* Begin PBXResourcesBuildPhase section */
		A66E306C1D0D0B90007A64F6 /* Resources */ = {
			isa = PBXResourcesBuildPhase;
			buildActionMask = 2147483647;
			files = (
				A66E307C1D0D0B90007A64F6 /* LaunchScreen.storyboard in Resources */,
				A66E30791D0D0B90007A64F6 /* Assets.xcassets in Resources */,
				A66E30771D0D0B90007A64F6 /* Main.storyboard in Resources */,
			);
			runOnlyForDeploymentPostprocessing = 0;
		};
		A66E30801D0D0B90007A64F6 /* Resources */ = {
			isa = PBXResourcesBuildPhase;
			buildActionMask = 2147483647;
			files = (
			);
			runOnlyForDeploymentPostprocessing = 0;
		};
		A66E308B1D0D0B90007A64F6 /* Resources */ = {
			isa = PBXResourcesBuildPhase;
			buildActionMask = 2147483647;
			files = (
			);
			runOnlyForDeploymentPostprocessing = 0;
		};
/* End PBXResourcesBuildPhase section */

/* Begin PBXSourcesBuildPhase section */
		A66E306A1D0D0B90007A64F6 /* Sources */ = {
			isa = PBXSourcesBuildPhase;
			buildActionMask = 2147483647;
			files = (
				A66E30741D0D0B90007A64F6 /* ViewController.swift in Sources */,
				A66E30721D0D0B90007A64F6 /* AppDelegate.swift in Sources */,
			);
			runOnlyForDeploymentPostprocessing = 0;
		};
		A66E307E1D0D0B90007A64F6 /* Sources */ = {
			isa = PBXSourcesBuildPhase;
			buildActionMask = 2147483647;
			files = (
				A66E30871D0D0B90007A64F6 /* NaatPlayerTests.swift in Sources */,
			);
			runOnlyForDeploymentPostprocessing = 0;
		};
		A66E30891D0D0B90007A64F6 /* Sources */ = {
			isa = PBXSourcesBuildPhase;
			buildActionMask = 2147483647;
			files = (
				A66E30921D0D0B90007A64F6 /* NaatPlayerUITests.swift in Sources */,
			);
			runOnlyForDeploymentPostprocessing = 0;
		};
/* End PBXSourcesBuildPhase section */

/* Begin PBXTargetDependency section */
		A66E30841D0D0B90007A64F6 /* PBXTargetDependency */ = {
			isa = PBXTargetDependency;
			target = A66E306D1D0D0B90007A64F6 /* NaatPlayer */;
			targetProxy = A66E30831D0D0B90007A64F6 /* PBXContainerItemProxy */;
		};
		A66E308F1D0D0B90007A64F6 /* PBXTargetDependency */ = {
			isa = PBXTargetDependency;
			target = A66E306D1D0D0B90007A64F6 /* NaatPlayer */;
			targetProxy = A66E308E1D0D0B90007A64F6 /* PBXContainerItemProxy */;
		};
/* End PBXTargetDependency section */

/* Begin PBXVariantGroup section */
		A66E30751D0D0B90007A64F6 /* Main.storyboard */ = {
			isa = PBXVariantGroup;
			children = (
				A66E30761D0D0B90007A64F6 /* Base */,
			);
			name = Main.storyboard;
			sourceTree = "<group>";
		};
		A66E307A1D0D0B90007A64F6 /* LaunchScreen.storyboard */ = {
			isa = PBXVariantGroup;
			children = (
				A66E307B1D0D0B90007A64F6 /* Base */,
			);
			name = LaunchScreen.storyboard;
			sourceTree = "<group>";
		};
/* End PBXVariantGroup section */

/* Begin XCBuildConfiguration section */
		A66E30941D0D0B90007A64F6 /* Debug */ = {
			isa = XCBuildConfiguration;
			buildSettings = {
				ALWAYS_SEARCH_USER_PATHS = NO;
				CLANG_CXX_LANGUAGE_STANDARD = "gnu++0x";
				CLANG_CXX_LIBRARY = "libc++";
				CLANG_ENABLE_MODULES = YES;
				CLANG_ENABLE_OBJC_ARC = YES;
				CLANG_WARN_BOOL_CONVERSION = YES;
				CLANG_WARN_CONSTANT_CONVERSION = YES;
				CLANG_WARN_DIRECT_OBJC_ISA_USAGE = YES_ERROR;
				CLANG_WARN_EMPTY_BODY = YES;
				CLANG_WARN_ENUM_CONVERSION = YES;
				CLANG_WARN_INT_CONVERSION = YES;
				CLANG_WARN_OBJC_ROOT_CLASS = YES_ERROR;
				CLANG_WARN_UNREACHABLE_CODE = YES;
				CLANG_WARN__DUPLICATE_METHOD_MATCH = YES;
				"CODE_SIGN_IDENTITY[sdk=iphoneos*]" = "iPhone Developer";
				COPY_PHASE_STRIP = NO;
				DEBUG_INFORMATION_FORMAT = dwarf;
				ENABLE_STRICT_OBJC_MSGSEND = YES;
				ENABLE_TESTABILITY = YES;
				GCC_C_LANGUAGE_STANDARD = gnu99;
				GCC_DYNAMIC_NO_PIC = NO;
				GCC_NO_COMMON_BLOCKS = YES;
				GCC_OPTIMIZATION_LEVEL = 0;
				GCC_PREPROCESSOR_DEFINITIONS = (
					"DEBUG=1",
					"$(inherited)",
				);
				GCC_WARN_64_TO_32_BIT_CONVERSION = YES;
				GCC_WARN_ABOUT_RETURN_TYPE = YES_ERROR;
				GCC_WARN_UNDECLARED_SELECTOR = YES;
				GCC_WARN_UNINITIALIZED_AUTOS = YES_AGGRESSIVE;
				GCC_WARN_UNUSED_FUNCTION = YES;
				GCC_WARN_UNUSED_VARIABLE = YES;
				IPHONEOS_DEPLOYMENT_TARGET = 9.0;
				MTL_ENABLE_DEBUG_INFO = YES;
				ONLY_ACTIVE_ARCH = YES;
				SDKROOT = iphoneos;
				SWIFT_OPTIMIZATION_LEVEL = "-Onone";
				TARGETED_DEVICE_FAMILY = "1,2";
			};
			name = Debug;
		};
		A66E30951D0D0B90007A64F6 /* Release */ = {
			isa = XCBuildConfiguration;
			buildSettings = {
				ALWAYS_SEARCH_USER_PATHS = NO;
				CLANG_CXX_LANGUAGE_STANDARD = "gnu++0x";
				CLANG_CXX_LIBRARY = "libc++";
				CLANG_ENABLE_MODULES = YES;
				CLANG_ENABLE_OBJC_ARC = YES;
				CLANG_WARN_BOOL_CONVERSION = YES;
				CLANG_WARN_CONSTANT_CONVERSION = YES;
				CLANG_WARN_DIRECT_OBJC_ISA_USAGE = YES_ERROR;
				CLANG_WARN_EMPTY_BODY = YES;
				CLANG_WARN_ENUM_CONVERSION = YES;
				CLANG_WARN_INT_CONVERSION = YES;
				CLANG_WARN_OBJC_ROOT_CLASS = YES_ERROR;
				CLANG_WARN_UNREACHABLE_CODE = YES;
				CLANG_WARN__DUPLICATE_METHOD_MATCH = YES;
				"CODE_SIGN_IDENTITY[sdk=iphoneos*]" = "iPhone Developer";
				COPY_PHASE_STRIP = NO;
				DEBUG_INFORMATION_FORMAT = "dwarf-with-dsym";
				ENABLE_NS_ASSERTIONS = NO;
				ENABLE_STRICT_OBJC_MSGSEND = YES;
				GCC_C_LANGUAGE_STANDARD = gnu99;
				GCC_NO_COMMON_BLOCKS = YES;
				GCC_WARN_64_TO_32_BIT_CONVERSION = YES;
				GCC_WARN_ABOUT_RETURN_TYPE = YES_ERROR;
				GCC_WARN_UNDECLARED_SELECTOR = YES;
				GCC_WARN_UNINITIALIZED_AUTOS = YES_AGGRESSIVE;
				GCC_WARN_UNUSED_FUNCTION = YES;
				GCC_WARN_UNUSED_VARIABLE = YES;
				IPHONEOS_DEPLOYMENT_TARGET = 9.0;
				MTL_ENABLE_DEBUG_INFO = NO;
				SDKROOT = iphoneos;
				TARGETED_DEVICE_FAMILY = "1,2";
				VALIDATE_PRODUCT = YES;
			};
			name = Release;
		};
		A66E30971D0D0B90007A64F6 /* Debug */ = {
			isa = XCBuildConfiguration;
			buildSettings = {
				ASSETCATALOG_COMPILER_APPICON_NAME = AppIcon;
				INFOPLIST_FILE = NaatPlayer/Info.plist;
				LD_RUNPATH_SEARCH_PATHS = "$(inherited) @executable_path/Frameworks";
				PRODUCT_BUNDLE_IDENTIFIER = me.maeshakib.NaatPlayer;
				PRODUCT_NAME = "$(TARGET_NAME)";
			};
			name = Debug;
		};
		A66E30981D0D0B90007A64F6 /* Release */ = {
			isa = XCBuildConfiguration;
			buildSettings = {
				ASSETCATALOG_COMPILER_APPICON_NAME = AppIcon;
				INFOPLIST_FILE = NaatPlayer/Info.plist;
				LD_RUNPATH_SEARCH_PATHS = "$(inherited) @executable_path/Frameworks";
				PRODUCT_BUNDLE_IDENTIFIER = me.maeshakib.NaatPlayer;
				PRODUCT_NAME = "$(TARGET_NAME)";
			};
			name = Release;
		};
		A66E309A1D0D0B90007A64F6 /* Debug */ = {
			isa = XCBuildConfiguration;
			buildSettings = {
				BUNDLE_LOADER = "$(TEST_HOST)";
				INFOPLIST_FILE = NaatPlayerTests/Info.plist;
				LD_RUNPATH_SEARCH_PATHS = "$(inherited) @executable_path/Frameworks @loader_path/Frameworks";
				PRODUCT_BUNDLE_IDENTIFIER = me.maeshakib.NaatPlayerTests;
				PRODUCT_NAME = "$(TARGET_NAME)";
				TEST_HOST = "$(BUILT_PRODUCTS_DIR)/NaatPlayer.app/NaatPlayer";
			};
			name = Debug;
		};
		A66E309B1D0D0B90007A64F6 /* Release */ = {
			isa = XCBuildConfiguration;
			buildSettings = {
				BUNDLE_LOADER = "$(TEST_HOST)";
				INFOPLIST_FILE = NaatPlayerTests/Info.plist;
				LD_RUNPATH_SEARCH_PATHS = "$(inherited) @executable_path/Frameworks @loader_path/Frameworks";
				PRODUCT_BUNDLE_IDENTIFIER = me.maeshakib.NaatPlayerTests;
				PRODUCT_NAME = "$(TARGET_NAME)";
				TEST_HOST = "$(BUILT_PRODUCTS_DIR)/NaatPlayer.app/NaatPlayer";
			};
			name = Release;
		};
		A66E309D1D0D0B90007A64F6 /* Debug */ = {
			isa = XCBuildConfiguration;
			buildSettings = {
				INFOPLIST_FILE = NaatPlayerUITests/Info.plist;
				LD_RUNPATH_SEARCH_PATHS = "$(inherited) @executable_path/Frameworks @loader_path/Frameworks";
				PRODUCT_BUNDLE_IDENTIFIER = me.maeshakib.NaatPlayerUITests;
				PRODUCT_NAME = "$(TARGET_NAME)";
				TEST_TARGET_NAME = NaatPlayer;
				USES_XCTRUNNER = YES;
			};
			name = Debug;
		};
		A66E309E1D0D0B90007A64F6 /* Release */ = {
			isa = XCBuildConfiguration;
			buildSettings = {
				INFOPLIST_FILE = NaatPlayerUITests/Info.plist;
				LD_RUNPATH_SEARCH_PATHS = "$(inherited) @executable_path/Frameworks @loader_path/Frameworks";
				PRODUCT_BUNDLE_IDENTIFIER = me.maeshakib.NaatPlayerUITests;
				PRODUCT_NAME = "$(TARGET_NAME)";
				TEST_TARGET_NAME = NaatPlayer;
				USES_XCTRUNNER = YES;
			};
			name = Release;
		};
/* End XCBuildConfiguration section */

/* Begin XCConfigurationList section */
		A66E30691D0D0B90007A64F6 /* Build configuration list for PBXProject "NaatPlayer" */ = {
			isa = XCConfigurationList;
			buildConfigurations = (
				A66E30941D0D0B90007A64F6 /* Debug */,
				A66E30951D0D0B90007A64F6 /* Release */,
			);
			defaultConfigurationIsVisible = 0;
			defaultConfigurationName = Release;
		};
		A66E30961D0D0B90007A64F6 /* Build configuration list for PBXNativeTarget "NaatPlayer" */ = {
			isa = XCConfigurationList;
			buildConfigurations = (
				A66E30971D0D0B90007A64F6 /* Debug */,
				A66E30981D0D0B90007A64F6 /* Release */,
			);
			defaultConfigurationIsVisible = 0;
			defaultConfigurationName = Release;
		};
		A66E30991D0D0B90007A64F6 /* Build configuration list for PBXNativeTarget "NaatPlayerTests" */ = {
			isa = XCConfigurationList;
			buildConfigurations = (
				A66E309A1D0D0B90007A64F6 /* Debug */,
				A66E309B1D0D0B90007A64F6 /* Release */,
			);
			defaultConfigurationIsVisible = 0;
			defaultConfigurationName = Release;
		};
		A66E309C1D0D0B90007A64F6 /* Build configuration list for PBXNativeTarget "NaatPlayerUITests" */ = {
			isa = XCConfigurationList;
			buildConfigurations = (
				A66E309D1D0D0B90007A64F6 /* Debug */,
				A66E309E1D0D0B90007A64F6 /* Release */,
			);
			defaultConfigurationIsVisible = 0;
			defaultConfigurationName = Release;
		};
/* End XCConfigurationList section */
	};
	rootObject = A66E30661D0D0B90007A64F6 /* Project object */;
}
